
Microsoft Visual Studio Solution File, Format Version 12.00
# Visual Studio 2012
Project("{FAE04EC0-301F-11D3-BF4B-00C04F79EFBC}") = "DetectionAndMatching", "DetectionAndMatching\DetectionAndMatching.csproj", "{881DFF4D-E8F2-405A-B9CF-777802C38E18}"
EndProject
Project("{FAE04EC0-301F-11D3-BF4B-00C04F79EFBC}") = "ImageLib", "ImageLib\ImageLib.csproj", "{268D5926-E506-4074-B6BF-55496D43E2AA}"
EndProject
Global
	GlobalSection(SolutionConfigurationPlatforms) = preSolution
		Debug|Any CPU = Debug|Any CPU
		Release|Any CPU = Release|Any CPU
	EndGlobalSection
	GlobalSection(ProjectConfigurationPlatforms) = postSolution
		{881DFF4D-E8F2-405A-B9CF-777802C38E18}.Debug|Any CPU.ActiveCfg = Debug|Any CPU
		{881DFF4D-E8F2-405A-B9CF-777802C38E18}.Debug|Any CPU.Build.0 = Debug|Any CPU
		{881DFF4D-E8F2-405A-B9CF-777802C38E18}.Release|Any CPU.ActiveCfg = Release|Any CPU
		{881DFF4D-E8F2-405A-B9CF-777802C38E18}.Release|Any CPU.Build.0 = Release|Any CPU
		{268D5926-E506-4074-B6BF-55496D43E2AA}.Debug|Any CPU.ActiveCfg = Debug|Any CPU
		{268D5926-E506-4074-B6BF-55496D43E2AA}.Debug|Any CPU.Build.0 = Debug|Any CPU
		{268D5926-E506-4074-B6BF-55496D43E2AA}.Release|Any CPU.ActiveCfg = Release|Any CPU
		{268D5926-E506-4074-B6BF-55496D43E2AA}.Release|Any CPU.Build.0 = Release|Any CPU
	EndGlobalSection
	GlobalSection(SolutionProperties) = preSolution
		HideSolutionNode = FALSE
	EndGlobalSection
EndGlobal
